
Microsoft Visual Studio Solution File, Format Version 12.00
# Visual Studio Version 17
VisualStudioVersion = 17.0.31903.59
MinimumVisualStudioVersion = 10.0.40219.1
Project("{2150E333-8FDC-42A3-9474-1A3956D46DE8}") = "src", "src", "{CF4C2126-40DD-4D26-952E-7AB3193813EB}"
EndProject
Project("{FAE04EC0-301F-11D3-BF4B-00C04F79EFBC}") = "DS.TodoTasks.Domain", "src\DS.TodoTasks.Domain\DS.TodoTasks.Domain.csproj", "{BC7A3CB3-150C-42E7-BAFD-DA385A1BAA04}"
EndProject
Project("{FAE04EC0-301F-11D3-BF4B-00C04F79EFBC}") = "DS.TodoTasks.Application", "src\DS.TodoTasks.Application\DS.TodoTasks.Application.csproj", "{275EF3CE-C1E0-46EF-AB39-BB45CD69FAA1}"
EndProject
Project("{FAE04EC0-301F-11D3-BF4B-00C04F79EFBC}") = "DS.TodoTasks.Infrastructure", "src\DS.TodoTasks.Infrastructure\DS.TodoTasks.Infrastructure.csproj", "{C0305EA4-06EE-47FC-8019-CD9F621C6B23}"
EndProject
Project("{FAE04EC0-301F-11D3-BF4B-00C04F79EFBC}") = "DS.TodoTasks.API", "src\DS.TodoTasks.API\DS.TodoTasks.API.csproj", "{8A57C283-9FA1-4693-984B-8AD47D3157D9}"
EndProject
Global
	GlobalSection(SolutionConfigurationPlatforms) = preSolution
		Debug|Any CPU = Debug|Any CPU
		Release|Any CPU = Release|Any CPU
	EndGlobalSection
	GlobalSection(SolutionProperties) = preSolution
		HideSolutionNode = FALSE
	EndGlobalSection
	GlobalSection(ProjectConfigurationPlatforms) = postSolution
		{BC7A3CB3-150C-42E7-BAFD-DA385A1BAA04}.Debug|Any CPU.ActiveCfg = Debug|Any CPU
		{BC7A3CB3-150C-42E7-BAFD-DA385A1BAA04}.Debug|Any CPU.Build.0 = Debug|Any CPU
		{BC7A3CB3-150C-42E7-BAFD-DA385A1BAA04}.Release|Any CPU.ActiveCfg = Release|Any CPU
		{BC7A3CB3-150C-42E7-BAFD-DA385A1BAA04}.Release|Any CPU.Build.0 = Release|Any CPU
		{275EF3CE-C1E0-46EF-AB39-BB45CD69FAA1}.Debug|Any CPU.ActiveCfg = Debug|Any CPU
		{275EF3CE-C1E0-46EF-AB39-BB45CD69FAA1}.Debug|Any CPU.Build.0 = Debug|Any CPU
		{275EF3CE-C1E0-46EF-AB39-BB45CD69FAA1}.Release|Any CPU.ActiveCfg = Release|Any CPU
		{275EF3CE-C1E0-46EF-AB39-BB45CD69FAA1}.Release|Any CPU.Build.0 = Release|Any CPU
		{C0305EA4-06EE-47FC-8019-CD9F621C6B23}.Debug|Any CPU.ActiveCfg = Debug|Any CPU
		{C0305EA4-06EE-47FC-8019-CD9F621C6B23}.Debug|Any CPU.Build.0 = Debug|Any CPU
		{C0305EA4-06EE-47FC-8019-CD9F621C6B23}.Release|Any CPU.ActiveCfg = Release|Any CPU
		{C0305EA4-06EE-47FC-8019-CD9F621C6B23}.Release|Any CPU.Build.0 = Release|Any CPU
		{8A57C283-9FA1-4693-984B-8AD47D3157D9}.Debug|Any CPU.ActiveCfg = Debug|Any CPU
		{8A57C283-9FA1-4693-984B-8AD47D3157D9}.Debug|Any CPU.Build.0 = Debug|Any CPU
		{8A57C283-9FA1-4693-984B-8AD47D3157D9}.Release|Any CPU.ActiveCfg = Release|Any CPU
		{8A57C283-9FA1-4693-984B-8AD47D3157D9}.Release|Any CPU.Build.0 = Release|Any CPU
	EndGlobalSection
	GlobalSection(NestedProjects) = preSolution
		{BC7A3CB3-150C-42E7-BAFD-DA385A1BAA04} = {CF4C2126-40DD-4D26-952E-7AB3193813EB}
		{275EF3CE-C1E0-46EF-AB39-BB45CD69FAA1} = {CF4C2126-40DD-4D26-952E-7AB3193813EB}
		{C0305EA4-06EE-47FC-8019-CD9F621C6B23} = {CF4C2126-40DD-4D26-952E-7AB3193813EB}
		{8A57C283-9FA1-4693-984B-8AD47D3157D9} = {CF4C2126-40DD-4D26-952E-7AB3193813EB}
	EndGlobalSection
EndGlobal
